
Microsoft Visual Studio Solution File, Format Version 12.00
Project("{2150E333-8FDC-42A3-9474-1A3956D46DE8}") = "PosWebApp", "PosWebApp", "{6FB48C37-8268-4013-B674-ADBD1549694C}"
EndProject
Project("{2150E333-8FDC-42A3-9474-1A3956D46DE8}") = "src", "src", "{B4A330D8-C076-48DF-8736-4E2CAFFA452A}"
EndProject
Project("{FAE04EC0-301F-11D3-BF4B-00C04F79EFBC}") = "WebApp", "PosWebApp\src\WebApp\WebApp.csproj", "{DCECDB9C-3685-465F-A807-D4ECED2CD23E}"
EndProject
Project("{2150E333-8FDC-42A3-9474-1A3956D46DE8}") = "BackeryApi", "BackeryApi", "{74E61736-0174-471E-B41E-84E534A1A88D}"
EndProject
Project("{2150E333-8FDC-42A3-9474-1A3956D46DE8}") = "src", "src", "{E9E5A5DB-C37A-4064-8709-691E160E0A44}"
EndProject
Project("{FAE04EC0-301F-11D3-BF4B-00C04F79EFBC}") = "BackeryApi", "BackeryApi\src\BackeryApi\BackeryApi.csproj", "{FB8EE535-105A-437D-88B9-6596C5458F49}"
EndProject
Project("{FAE04EC0-301F-11D3-BF4B-00C04F79EFBC}") = "BackeryApi.Domain", "BackeryApi\src\BackeryApi.Domain\BackeryApi.Domain.csproj", "{DCBE7194-C502-4F49-9C57-483FBC8D9806}"
EndProject
Project("{FAE04EC0-301F-11D3-BF4B-00C04F79EFBC}") = "BackeryApi.SqlServer", "BackeryApi\src\BackeryApi.SqlServer\BackeryApi.SqlServer.csproj", "{12238275-B138-43BE-B799-E36BB71B03DA}"
EndProject
Project("{FAE04EC0-301F-11D3-BF4B-00C04F79EFBC}") = "BackeryApi.Application", "BackeryApi\src\BackeryApi.Application\BackeryApi.Application.csproj", "{89620325-AA23-412D-9E7D-6F06E8909B2A}"
EndProject
Project("{FAE04EC0-301F-11D3-BF4B-00C04F79EFBC}") = "BackeryApi.SqlServer.Migrator", "BackeryApi\src\BackeryApi.SqlServer.Migrator\BackeryApi.SqlServer.Migrator.csproj", "{27FA12E9-2B67-493C-B615-893E3AD02FE3}"
EndProject
Project("{FAE04EC0-301F-11D3-BF4B-00C04F79EFBC}") = "BackeryApi.Messaging", "BackeryApi\src\BackeryApi.Messaging\BackeryApi.Messaging.csproj", "{504246C2-679B-4AE4-8992-EEF0D9145149}"
EndProject
Global
	GlobalSection(SolutionConfigurationPlatforms) = preSolution
		Debug|Any CPU = Debug|Any CPU
		Release|Any CPU = Release|Any CPU
	EndGlobalSection
	GlobalSection(NestedProjects) = preSolution
		{B4A330D8-C076-48DF-8736-4E2CAFFA452A} = {6FB48C37-8268-4013-B674-ADBD1549694C}
		{DCECDB9C-3685-465F-A807-D4ECED2CD23E} = {B4A330D8-C076-48DF-8736-4E2CAFFA452A}
		{E9E5A5DB-C37A-4064-8709-691E160E0A44} = {74E61736-0174-471E-B41E-84E534A1A88D}
		{FB8EE535-105A-437D-88B9-6596C5458F49} = {E9E5A5DB-C37A-4064-8709-691E160E0A44}
		{DCBE7194-C502-4F49-9C57-483FBC8D9806} = {E9E5A5DB-C37A-4064-8709-691E160E0A44}
		{12238275-B138-43BE-B799-E36BB71B03DA} = {E9E5A5DB-C37A-4064-8709-691E160E0A44}
		{89620325-AA23-412D-9E7D-6F06E8909B2A} = {E9E5A5DB-C37A-4064-8709-691E160E0A44}
		{27FA12E9-2B67-493C-B615-893E3AD02FE3} = {E9E5A5DB-C37A-4064-8709-691E160E0A44}
		{504246C2-679B-4AE4-8992-EEF0D9145149} = {E9E5A5DB-C37A-4064-8709-691E160E0A44}
	EndGlobalSection
	GlobalSection(ProjectConfigurationPlatforms) = postSolution
		{DCECDB9C-3685-465F-A807-D4ECED2CD23E}.Debug|Any CPU.ActiveCfg = Debug|Any CPU
		{DCECDB9C-3685-465F-A807-D4ECED2CD23E}.Debug|Any CPU.Build.0 = Debug|Any CPU
		{DCECDB9C-3685-465F-A807-D4ECED2CD23E}.Release|Any CPU.ActiveCfg = Release|Any CPU
		{DCECDB9C-3685-465F-A807-D4ECED2CD23E}.Release|Any CPU.Build.0 = Release|Any CPU
		{FB8EE535-105A-437D-88B9-6596C5458F49}.Debug|Any CPU.ActiveCfg = Debug|Any CPU
		{FB8EE535-105A-437D-88B9-6596C5458F49}.Debug|Any CPU.Build.0 = Debug|Any CPU
		{FB8EE535-105A-437D-88B9-6596C5458F49}.Release|Any CPU.ActiveCfg = Release|Any CPU
		{FB8EE535-105A-437D-88B9-6596C5458F49}.Release|Any CPU.Build.0 = Release|Any CPU
		{DCBE7194-C502-4F49-9C57-483FBC8D9806}.Debug|Any CPU.ActiveCfg = Debug|Any CPU
		{DCBE7194-C502-4F49-9C57-483FBC8D9806}.Debug|Any CPU.Build.0 = Debug|Any CPU
		{DCBE7194-C502-4F49-9C57-483FBC8D9806}.Release|Any CPU.ActiveCfg = Release|Any CPU
		{DCBE7194-C502-4F49-9C57-483FBC8D9806}.Release|Any CPU.Build.0 = Release|Any CPU
		{12238275-B138-43BE-B799-E36BB71B03DA}.Debug|Any CPU.ActiveCfg = Debug|Any CPU
		{12238275-B138-43BE-B799-E36BB71B03DA}.Debug|Any CPU.Build.0 = Debug|Any CPU
		{12238275-B138-43BE-B799-E36BB71B03DA}.Release|Any CPU.ActiveCfg = Release|Any CPU
		{12238275-B138-43BE-B799-E36BB71B03DA}.Release|Any CPU.Build.0 = Release|Any CPU
		{89620325-AA23-412D-9E7D-6F06E8909B2A}.Debug|Any CPU.ActiveCfg = Debug|Any CPU
		{89620325-AA23-412D-9E7D-6F06E8909B2A}.Debug|Any CPU.Build.0 = Debug|Any CPU
		{89620325-AA23-412D-9E7D-6F06E8909B2A}.Release|Any CPU.ActiveCfg = Release|Any CPU
		{89620325-AA23-412D-9E7D-6F06E8909B2A}.Release|Any CPU.Build.0 = Release|Any CPU
		{27FA12E9-2B67-493C-B615-893E3AD02FE3}.Debug|Any CPU.ActiveCfg = Debug|Any CPU
		{27FA12E9-2B67-493C-B615-893E3AD02FE3}.Debug|Any CPU.Build.0 = Debug|Any CPU
		{27FA12E9-2B67-493C-B615-893E3AD02FE3}.Release|Any CPU.ActiveCfg = Release|Any CPU
		{27FA12E9-2B67-493C-B615-893E3AD02FE3}.Release|Any CPU.Build.0 = Release|Any CPU
		{504246C2-679B-4AE4-8992-EEF0D9145149}.Debug|Any CPU.ActiveCfg = Debug|Any CPU
		{504246C2-679B-4AE4-8992-EEF0D9145149}.Debug|Any CPU.Build.0 = Debug|Any CPU
		{504246C2-679B-4AE4-8992-EEF0D9145149}.Release|Any CPU.ActiveCfg = Release|Any CPU
		{504246C2-679B-4AE4-8992-EEF0D9145149}.Release|Any CPU.Build.0 = Release|Any CPU
	EndGlobalSection
EndGlobal
